#MicroXplorer Configuration settings - do not modify
Dma.USART6_TX.3.MemInc=DMA_MINC_ENABLE
PH0-OSC_IN.Signal=RCC_OSC_IN
Dma.USART3_RX.1.Mode=DMA_NORMAL
Dma.USART6_TX.3.PeriphInc=DMA_PINC_DISABLE
PG6.PinState=GPIO_PIN_SET
PH12.Signal=S_TIM5_CH3
SPI1.VirtualType=VM_MASTER
RCC.PLLCLKFreq_Value=168000000
PG0.Locked=true
PG6.GPIO_Label=RSTN_IST8310
RCC.PLLQCLKFreq_Value=48000000
PG0.Signal=GPXTI0
PG3.GPIOParameters=GPIO_PuPd,GPIO_Label,GPIO_ModeDefaultEXTI
VP_RTC_VS_RTC_Activate.Mode=RTC_Enabled
RCC.RTCFreq_Value=32000
Dma.SPI1_RX.4.PeriphInc=DMA_PINC_DISABLE
PD0.Locked=true
USART1.IPParameters=VirtualMode,BaudRate
PB13.Signal=CAN2_TX
PinOutPanel.RotationAngle=0
RCC.SYSCLKSource=RCC_SYSCLKSOURCE_PLLCLK
Dma.SPI1_TX.5.Instance=DMA2_Stream3
Dma.SPI1_TX.5.RequestParameters=Instance,Direction,PeriphInc,MemInc,PeriphDataAlignment,MemDataAlignment,Mode,Priority,FIFOMode
NVIC.SVCall_IRQn=true\:0\:0\:false\:false\:false\:false\:false\:false
SH.GPXTI3.ConfNb=1
RTC.SynchPrediv=3199
USART3.BaudRate=100000
Dma.USART1_TX.0.Direction=DMA_MEMORY_TO_PERIPH
Dma.USART3_RX.1.Instance=DMA1_Stream1
NVIC.CAN1_TX_IRQn=true\:5\:0\:false\:false\:true\:true\:true\:true
SPI1.Direction=SPI_DIRECTION_2LINES
RCC.APB2TimFreq_Value=168000000
VP_TIM10_VS_ClockSourceINT.Mode=Enable_Timer
PB6.Signal=S_TIM4_CH1
RTC.IPParameters=AsynchPrediv,SynchPrediv
SPI1.CalculateBaudRate=328.125 KBits/s
PD0.Signal=CAN1_RX
Dma.SPI1_RX.4.MemDataAlignment=DMA_MDATAALIGN_BYTE
ProjectManager.ProjectBuild=false
NVIC.UsageFault_IRQn=true\:0\:0\:false\:false\:true\:false\:false\:false
PB3.Mode=Full_Duplex_Master
PA8.Locked=true
PA4.Locked=true
TIM10.Channel=TIM_CHANNEL_1
TIM12.Period=31111
PG14.Mode=Asynchronous
ProjectManager.FirmwarePackage=STM32Cube FW_F4 V1.26.2
MxDb.Version=DB.6.0.21
PB0.GPIOParameters=GPIO_Speed,PinState,GPIO_PuPd,GPIO_Label
PG6.GPIO_PuPd=GPIO_PULLUP
ProjectManager.BackupPrevious=false
SH.S_TIM12_CH1.0=TIM12_CH1,PWM Generation1 CH1
PC4.GPIO_Label=INT1_ACCEL
Dma.USART3_RX.1.Priority=DMA_PRIORITY_HIGH
PC9.Mode=I2C
SH.S_TIM4_CH2.0=TIM4_CH2,PWM Generation2 CH2
Dma.SPI1_TX.5.FIFOMode=DMA_FIFOMODE_DISABLE
PA8.Signal=I2C3_SCL
Dma.SPI1_TX.5.Priority=DMA_PRIORITY_HIGH
NVIC.PendSV_IRQn=true\:15\:0\:false\:false\:false\:true\:false\:false
SH.S_TIM5_CH2.ConfNb=1
TIM4.Period=19999
Dma.USART1_TX.0.PeriphDataAlignment=DMA_PDATAALIGN_BYTE
PG0.GPIO_PuPd=GPIO_PULLUP
ProjectManager.HalAssertFull=false
Dma.SPI1_RX.4.RequestParameters=Instance,Direction,PeriphInc,MemInc,PeriphDataAlignment,MemDataAlignment,Mode,Priority,FIFOMode
RCC.MCO2PinFreq_Value=168000000
CAN1.Prescaler=3
Mcu.Package=UFBGA176
Dma.USART3_RX.1.FIFOMode=DMA_FIFOMODE_DISABLE
NVIC.TimeBase=TIM3_IRQn
Dma.USART3_RX.1.Direction=DMA_PERIPH_TO_MEMORY
NVIC.TimeBaseIP=TIM3
USART3.IPParameters=VirtualMode,BaudRate
PA10.Signal=USART1_RX
FREERTOS.FootprintOK=true
PC11.Mode=Asynchronous
RCC.APB2CLKDivider=RCC_HCLK_DIV2
Dma.SPI1_TX.5.Direction=DMA_MEMORY_TO_PERIPH
NVIC.DMA2_Stream2_IRQn=true\:5\:0\:false\:false\:true\:true\:false\:true
SH.S_TIM4_CH1.0=TIM4_CH1,PWM Generation1 CH1
RCC.APB1TimFreq_Value=84000000
NVIC.BusFault_IRQn=true\:0\:0\:false\:false\:true\:false\:false\:false
USB_OTG_FS.IPParameters=VirtualMode
PB13.Mode=CAN_Activate
NVIC.USART1_IRQn=true\:5\:0\:false\:false\:true\:true\:true\:true
CAN1.CalculateTimeBit=999.99
PA4.GPIO_Label=CS1_ACCEL
ProjectManager.CustomerFirmwarePackage=
PC4.GPIOParameters=GPIO_PuPd,GPIO_Label,GPIO_ModeDefaultEXTI
PG6.GPIO_Speed=GPIO_SPEED_FREQ_MEDIUM
CAN1.CalculateTimeQuantum=71.42857142857143
SH.S_TIM4_CH1.ConfNb=1
CAN2.CalculateBaudRate=1000000
NVIC.EXTI4_IRQn=true\:5\:0\:false\:false\:true\:true\:true\:true
PC4.GPIO_ModeDefaultEXTI=GPIO_MODE_IT_FALLING
NVIC.CAN2_TX_IRQn=true\:5\:0\:false\:false\:true\:true\:true\:true
ProjectManager.ProjectFileName=Standard_Robot_Gimbal.ioc
FREERTOS.Tasks01=Gimbal_Task,40,512,gimbal_task,As weak,NULL,Dynamic,NULL,NULL;INS_Task,24,512,INS_task,As weak,NULL,Dynamic,NULL,NULL;Detect_Task,24,256,detect_task,As weak,NULL,Dynamic,NULL,NULL
Dma.SPI1_TX.5.MemDataAlignment=DMA_MDATAALIGN_BYTE
TIM5.IPParameters=Channel-PWM Generation1 CH1,Channel-PWM Generation2 CH2,Channel-PWM Generation3 CH3
Mcu.PinsNb=44
PC11.Locked=true
PG9.Signal=USART6_RX
PG3.Locked=true
CAN1.IPParameters=CalculateTimeQuantum,CalculateTimeBit,CalculateBaudRate,Prescaler,BS1,ABOM,BS2
CAN1.CalculateBaudRate=1000000
CAN2.IPParameters=CalculateTimeQuantum,CalculateTimeBit,CalculateBaudRate,Prescaler,BS1,BS2
PG9.Mode=Asynchronous
PD1.Signal=CAN1_TX
SH.GPXTI0.ConfNb=1
Dma.USART3_RX.1.MemDataAlignment=DMA_MDATAALIGN_BYTE
TIM5.Channel-PWM\ Generation3\ CH3=TIM_CHANNEL_3
SPI1.CLKPhase=SPI_PHASE_2EDGE
NVIC.DMA2_Stream1_IRQn=true\:5\:0\:false\:false\:true\:false\:false\:true
RCC.APB1CLKDivider=RCC_HCLK_DIV4
Dma.SPI1_RX.4.Instance=DMA2_Stream2
Dma.SPI1_RX.4.Mode=DMA_NORMAL
Dma.USART6_RX.2.RequestParameters=Instance,Direction,PeriphInc,MemInc,PeriphDataAlignment,MemDataAlignment,Mode,Priority,FIFOMode
TIM4.IPParameters=Channel-PWM Generation1 CH1,Channel-PWM Generation2 CH2,Prescaler,Period
PA9.Signal=USART1_TX
SH.S_TIM5_CH3.ConfNb=1
Dma.SPI1_TX.5.Mode=DMA_NORMAL
NVIC.DMA2_Stream6_IRQn=true\:5\:0\:false\:false\:true\:true\:false\:true
PG0.GPIO_ModeDefaultEXTI=GPIO_MODE_IT_FALLING
PC5.GPIO_ModeDefaultEXTI=GPIO_MODE_IT_FALLING
TIM12.Prescaler=1281
PG6.GPIOParameters=GPIO_Speed,PinState,GPIO_PuPd,GPIO_Label
Mcu.Pin40=VP_TIM4_VS_ClockSourceINT
Mcu.Pin41=VP_TIM10_VS_ClockSourceINT
Dma.USART6_TX.3.Direction=DMA_MEMORY_TO_PERIPH
Mcu.Pin42=VP_TIM12_VS_ClockSourceINT
Mcu.Pin43=VP_USB_DEVICE_VS_USB_DEVICE_CDC_FS
ProjectManager.LastFirmware=true
PD1.Mode=CAN_Activate
Dma.USART3_RX.1.RequestParameters=Instance,Direction,PeriphInc,MemInc,PeriphDataAlignment,MemDataAlignment,Mode,Priority,FIFOMode
NVIC.TIM3_IRQn=true\:0\:0\:false\:false\:true\:false\:false\:true
SH.S_TIM12_CH1.ConfNb=1
Mcu.Pin37=VP_FREERTOS_VS_CMSIS_V2
Mcu.Pin38=VP_RTC_VS_RTC_Activate
Mcu.Pin35=PA7
Mcu.Pin36=PB0
SPI1.Mode=SPI_MODE_MASTER
Mcu.Pin39=VP_SYS_VS_tim3
VP_TIM12_VS_ClockSourceINT.Signal=TIM12_VS_ClockSourceINT
Mcu.Pin30=PA4
RCC.EthernetFreq_Value=168000000
Mcu.Pin33=PC5
Mcu.Pin34=PB13
Mcu.Pin31=PC4
Mcu.Pin32=PG0
NVIC.NonMaskableInt_IRQn=true\:0\:0\:false\:false\:true\:false\:false\:false
PA13.Mode=Serial_Wire
ProjectManager.FreePins=false
Mcu.Pin26=PG3
Mcu.Pin27=PH11
RCC.RTCHSEDivFreq_Value=6000000
Mcu.Pin24=PF6
ProjectManager.UnderRoot=true
Mcu.Pin25=PH12
Mcu.Pin28=PH10
Mcu.Pin29=PH6
TIM5.Channel-PWM\ Generation2\ CH2=TIM_CHANNEL_2
PA4.Signal=GPIO_Output
PB5.Signal=CAN2_RX
Mcu.Pin22=PH1-OSC_OUT
Mcu.Pin23=PG6
Mcu.Pin20=PH0-OSC_IN
Mcu.Pin21=PC8
NVIC.ForceEnableDMAVector=true
NVIC.MemoryManagement_IRQn=true\:0\:0\:false\:false\:true\:false\:false\:false
Dma.SPI1_TX.5.PeriphInc=DMA_PINC_DISABLE
USART1.VirtualMode=VM_ASYNC
ProjectManager.CompilerOptimize=6
PA11.Signal=USB_OTG_FS_DM
TIM5.Channel-PWM\ Generation1\ CH1=TIM_CHANNEL_1
ProjectManager.HeapSize=0x2000
Mcu.Pin15=PA11
NVIC.HardFault_IRQn=true\:0\:0\:false\:false\:true\:false\:false\:false
Mcu.Pin16=PA10
Mcu.Pin13=PG9
PH6.Signal=S_TIM12_CH1
Mcu.Pin14=PD1
Mcu.Pin19=PA8
ProjectManager.ComputerToolchain=false
Mcu.Pin17=PA9
Mcu.Pin18=PC9
VP_TIM4_VS_ClockSourceINT.Mode=Internal
NVIC.PriorityGroup=NVIC_PRIORITYGROUP_4
Mcu.Pin11=PC10
PG0.GPIOParameters=GPIO_PuPd,GPIO_ModeDefaultEXTI
Mcu.Pin12=PA12
Dma.SPI1_TX.5.PeriphDataAlignment=DMA_PDATAALIGN_BYTE
Mcu.Pin10=PC11
PG3.GPIO_ModeDefaultEXTI=GPIO_MODE_IT_FALLING
PA8.Mode=I2C
PG3.GPIO_Label=DRDY_IST8310
Dma.USART6_RX.2.PeriphInc=DMA_PINC_DISABLE
PD1.Locked=true
PB0.Signal=GPIO_Output
TIM12.IPParameters=Prescaler,Period,Channel-PWM Generation1 CH1
NVIC.CAN1_RX0_IRQn=true\:5\:0\:false\:false\:true\:true\:true\:true
Dma.SPI1_RX.4.PeriphDataAlignment=DMA_PDATAALIGN_BYTE
Mcu.Family=STM32F4
NVIC.USART3_IRQn=true\:5\:0\:false\:false\:true\:true\:true\:true
ProjectManager.MainLocation=Core/Src
VP_TIM10_VS_ClockSourceINT.Signal=TIM10_VS_ClockSourceINT
SH.S_TIM4_CH2.ConfNb=1
USB_DEVICE.CLASS_NAME_FS=CDC
RCC.CortexFreq_Value=168000000
PG6.Signal=GPIO_Output
NVIC.CAN2_RX0_IRQn=true\:5\:0\:false\:false\:true\:true\:true\:true
ProjectManager.KeepUserCode=true
Mcu.UserName=STM32F407IGHx
PH10.Signal=S_TIM5_CH1
CAN2.CalculateTimeBit=999.99
USART1.BaudRate=115200
Dma.USART6_RX.2.Direction=DMA_PERIPH_TO_MEMORY
PG6.Locked=true
PC10.Signal=USART3_TX
PC5.Locked=true
ProjectManager.functionlistsort=1-MX_GPIO_Init-GPIO-false-HAL-true,2-MX_DMA_Init-DMA-false-HAL-true,3-SystemClock_Config-RCC-false-HAL-false,4-MX_CAN1_Init-CAN1-false-HAL-true,5-MX_CAN2_Init-CAN2-false-HAL-true,6-MX_RTC_Init-RTC-false-HAL-true,7-MX_TIM4_Init-TIM4-false-HAL-true,8-MX_TIM5_Init-TIM5-false-HAL-true,9-MX_TIM12_Init-TIM12-false-HAL-true,10-MX_USART1_UART_Init-USART1-false-HAL-true,11-MX_USART3_UART_Init-USART3-false-HAL-true,12-MX_USB_DEVICE_Init-USB_DEVICE-false-HAL-false,13-MX_SPI1_Init-SPI1-false-HAL-true,14-MX_USART6_UART_Init-USART6-false-HAL-true,15-MX_TIM10_Init-TIM10-false-HAL-true,16-MX_I2C3_Init-I2C3-false-HAL-true
SH.S_TIM5_CH2.0=TIM5_CH2,PWM Generation2 CH2
NVIC.EXTI3_IRQn=true\:5\:0\:false\:false\:true\:true\:true\:true
PA11.Mode=Device_Only
PB0.GPIO_Label=CS1_GYRO
USB_DEVICE.VirtualMode-CDC_FS=Cdc
SH.S_TIM10_CH1.ConfNb=1
Dma.USART6_RX.2.MemDataAlignment=DMA_MDATAALIGN_BYTE
ProjectManager.StackSize=0x2000
PG3.GPIO_PuPd=GPIO_PULLUP
VP_FREERTOS_VS_CMSIS_V2.Mode=CMSIS_V2
Dma.USART6_TX.3.PeriphDataAlignment=DMA_PDATAALIGN_BYTE
Mcu.IP4=I2C3
Mcu.IP5=NVIC
RCC.FCLKCortexFreq_Value=168000000
Mcu.IP2=DMA
Mcu.IP3=FREERTOS
Mcu.IP0=CAN1
Mcu.IP1=CAN2
Dma.USART1_TX.0.Priority=DMA_PRIORITY_MEDIUM
PA12.Signal=USB_OTG_FS_DP
Dma.USART3_RX.1.MemInc=DMA_MINC_ENABLE
SPI1.CLKPolarity=SPI_POLARITY_HIGH
Mcu.UserConstants=
Dma.USART6_TX.3.Priority=DMA_PRIORITY_MEDIUM
PB0.PinState=GPIO_PIN_SET
Mcu.ThirdPartyNb=0
RCC.HCLKFreq_Value=168000000
Mcu.IPNb=19
RCC.I2SClocksFreq_Value=192000000
ProjectManager.PreviousToolchain=STM32CubeIDE
Dma.USART3_RX.1.PeriphDataAlignment=DMA_PDATAALIGN_BYTE
RCC.VcooutputI2S=192000000
SH.S_TIM5_CH3.0=TIM5_CH3,PWM Generation3 CH3
Dma.USART6_RX.2.Instance=DMA2_Stream1
Mcu.Pin6=PA13
Mcu.Pin7=PB7
Mcu.Pin8=PB6
Mcu.Pin9=PD0
FREERTOS.IPParameters=Tasks01,FootprintOK
RCC.AHBFreq_Value=168000000
PH0-OSC_IN.Mode=HSE-External-Oscillator
Mcu.Pin0=PB8
Mcu.Pin1=PB5
GPIO.groupedBy=Group By Peripherals
Mcu.Pin2=PG14
Mcu.Pin3=PB4
Mcu.Pin4=PB3
Mcu.Pin5=PA14
I2C3.IPParameters=I2C_Mode
RCC.HSE_VALUE=12000000
NVIC.DebugMonitor_IRQn=true\:0\:0\:false\:false\:true\:false\:false\:false
PA4.GPIO_PuPd=GPIO_PULLUP
Mcu.IP10=TIM4
NVIC.SysTick_IRQn=true\:15\:0\:false\:false\:false\:true\:false\:true
Mcu.IP12=TIM10
Mcu.IP11=TIM5
PA4.GPIO_Speed=GPIO_SPEED_FREQ_HIGH
Dma.USART6_RX.2.Priority=DMA_PRIORITY_HIGH
Mcu.IP18=USB_OTG_FS
Mcu.IP17=USB_DEVICE
Mcu.IP14=USART1
PB4.Mode=Full_Duplex_Master
Mcu.IP13=TIM12
Mcu.IP16=USART6
Mcu.IP15=USART3
RCC.VCOInputFreq_Value=2000000
VP_SYS_VS_tim3.Signal=SYS_VS_tim3
PA14.Mode=Serial_Wire
CAN2.Prescaler=3
PB5.Mode=CAN_Activate
File.Version=6
RTC.AsynchPrediv=124
PB7.Signal=S_TIM4_CH2
PB8.Locked=true
VP_TIM12_VS_ClockSourceINT.Mode=Internal
Dma.RequestsNb=6
PB0.Locked=true
Dma.SPI1_RX.4.FIFOMode=DMA_FIFOMODE_DISABLE
ProjectManager.ProjectName=Standard_Robot_Gimbal
Dma.SPI1_RX.4.MemInc=DMA_MINC_ENABLE
PH1-OSC_OUT.Mode=HSE-External-Oscillator
NVIC.DMA2_Stream7_IRQn=true\:5\:0\:false\:false\:true\:true\:false\:true
CAN2.BS1=CAN_BS1_10TQ
CAN2.BS2=CAN_BS2_3TQ
USART6.VirtualMode=VM_ASYNC
SH.S_TIM10_CH1.0=TIM10_CH1,PWM Generation1 CH1
NVIC.OTG_FS_IRQn=true\:5\:0\:false\:false\:true\:true\:false\:true
ProjectManager.ToolChainLocation=
RCC.LSI_VALUE=32000
SH.GPXTI0.0=GPIO_EXTI0
SH.GPXTI5.ConfNb=1
USB_OTG_FS.VirtualMode=Device_Only
Dma.USART1_TX.0.Instance=DMA2_Stream7
VP_USB_DEVICE_VS_USB_DEVICE_CDC_FS.Signal=USB_DEVICE_VS_USB_DEVICE_CDC_FS
Dma.USART1_TX.0.FIFOMode=DMA_FIFOMODE_DISABLE
PA4.GPIO_ModeDefaultOutputPP=GPIO_MODE_OUTPUT_PP
Dma.USART6_TX.3.MemDataAlignment=DMA_MDATAALIGN_BYTE
Dma.Request2=USART6_RX
Dma.Request1=USART3_RX
Dma.Request4=SPI1_RX
Dma.Request3=USART6_TX
SH.S_TIM5_CH1.0=TIM5_CH1,PWM Generation1 CH1
PC4.Locked=true
Dma.Request5=SPI1_TX
PC5.Signal=GPXTI5
Dma.Request0=USART1_TX
SPI1.BaudRatePrescaler=SPI_BAUDRATEPRESCALER_256
TIM10.IPParameters=Channel,Period,Prescaler
PB4.Signal=SPI1_MISO
VP_RTC_VS_RTC_Activate.Signal=RTC_VS_RTC_Activate
Dma.SPI1_TX.5.MemInc=DMA_MINC_ENABLE
TIM4.Channel-PWM\ Generation1\ CH1=TIM_CHANNEL_1
TIM10.Prescaler=1
I2C3.I2C_Mode=I2C_Fast
SH.GPXTI5.0=GPIO_EXTI5
Dma.USART1_TX.0.MemInc=DMA_MINC_ENABLE
PA7.Mode=Full_Duplex_Master
Dma.USART1_TX.0.PeriphInc=DMA_PINC_DISABLE
PA10.Mode=Asynchronous
PH11.Signal=S_TIM5_CH2
ProjectManager.NoMain=false
SPI1.IPParameters=VirtualType,Mode,Direction,CalculateBaudRate,BaudRatePrescaler,CLKPolarity,CLKPhase
USB_DEVICE.VirtualModeFS=Cdc_FS
PG3.Signal=GPXTI3
PC4.GPIO_PuPd=GPIO_PULLUP
USART6.IPParameters=VirtualMode
NVIC.SavedSvcallIrqHandlerGenerated=true
PC11.Signal=USART3_RX
PC8.Signal=GPIO_Input
PC10.Mode=Asynchronous
PC4.Signal=GPXTI4
ProjectManager.DefaultFWLocation=true
NVIC.DMA1_Stream1_IRQn=true\:5\:0\:false\:false\:true\:true\:false\:true
ProjectManager.DeletePrevious=true
PC5.GPIO_PuPd=GPIO_PULLUP
Dma.USART6_TX.3.Mode=DMA_NORMAL
USB_DEVICE.IPParameters=VirtualMode-CDC_FS,VirtualModeFS,CLASS_NAME_FS
PinOutPanel.CurrentBGAView=Top
RCC.FamilyName=M
NVIC.USART6_IRQn=true\:5\:0\:false\:false\:true\:true\:true\:true
PB0.GPIO_Speed=GPIO_SPEED_FREQ_HIGH
PA13.Signal=SYS_JTMS-SWDIO
PA9.Mode=Asynchronous
VP_SYS_VS_tim3.Mode=TIM3
PA4.PinState=GPIO_PIN_SET
CAN1.BS2=CAN_BS2_3TQ
PF6.Signal=S_TIM10_CH1
VP_TIM4_VS_ClockSourceINT.Signal=TIM4_VS_ClockSourceINT
CAN1.BS1=CAN_BS1_10TQ
ProjectManager.TargetToolchain=STM32CubeIDE
Dma.USART6_RX.2.MemInc=DMA_MINC_ENABLE
VP_USB_DEVICE_VS_USB_DEVICE_CDC_FS.Mode=CDC_FS
PC5.GPIOParameters=GPIO_PuPd,GPIO_Label,GPIO_ModeDefaultEXTI
Dma.USART1_TX.0.RequestParameters=Instance,Direction,PeriphInc,MemInc,PeriphDataAlignment,MemDataAlignment,Mode,Priority,FIFOMode
Dma.USART6_RX.2.PeriphDataAlignment=DMA_PDATAALIGN_BYTE
ProjectManager.RegisterCallBack=
NVIC.DMA2_Stream3_IRQn=true\:5\:0\:false\:false\:true\:true\:false\:true
TIM4.Prescaler=83
RCC.LSE_VALUE=32768
CAN1.ABOM=ENABLE
RCC.VCOI2SOutputFreq_Value=384000000
PG14.Signal=USART6_TX
Dma.USART1_TX.0.Mode=DMA_NORMAL
board=custom
SH.GPXTI3.0=GPIO_EXTI3
RCC.VCOOutputFreq_Value=336000000
Dma.USART6_TX.3.RequestParameters=Instance,Direction,PeriphInc,MemInc,PeriphDataAlignment,MemDataAlignment,Mode,Priority,FIFOMode
Dma.USART6_RX.2.FIFOMode=DMA_FIFOMODE_DISABLE
Dma.USART6_RX.2.Mode=DMA_NORMAL
TIM10.Period=4999
TIM12.Channel-PWM\ Generation1\ CH1=TIM_CHANNEL_1
TIM4.Channel-PWM\ Generation2\ CH2=TIM_CHANNEL_2
NVIC.SavedSystickIrqHandlerGenerated=true
RCC.APB2Freq_Value=84000000
MxCube.Version=6.2.1
CAN2.CalculateTimeQuantum=71.42857142857143
PH1-OSC_OUT.Signal=RCC_OSC_OUT
PA4.GPIOParameters=GPIO_Speed,PinState,GPIO_PuPd,GPIO_Label,GPIO_ModeDefaultOutputPP
RCC.IPParameters=48MHZClocksFreq_Value,AHBFreq_Value,APB1CLKDivider,APB1Freq_Value,APB1TimFreq_Value,APB2CLKDivider,APB2Freq_Value,APB2TimFreq_Value,CortexFreq_Value,EthernetFreq_Value,FCLKCortexFreq_Value,FamilyName,HCLKFreq_Value,HSE_VALUE,HSI_VALUE,I2SClocksFreq_Value,LSE_VALUE,LSI_VALUE,MCO2PinFreq_Value,PLLCLKFreq_Value,PLLM,PLLN,PLLQ,PLLQCLKFreq_Value,RTCFreq_Value,RTCHSEDivFreq_Value,SYSCLKFreq_VALUE,SYSCLKSource,VCOI2SOutputFreq_Value,VCOInputFreq_Value,VCOOutputFreq_Value,VcooutputI2S
ProjectManager.AskForMigrate=true
Mcu.Name=STM32F407I(E-G)Hx
PD0.Mode=CAN_Activate
NVIC.SavedPendsvIrqHandlerGenerated=true
Mcu.IP8=SPI1
VP_FREERTOS_VS_CMSIS_V2.Signal=FREERTOS_VS_CMSIS_V2
Dma.SPI1_RX.4.Priority=DMA_PRIORITY_VERY_HIGH
Mcu.IP9=SYS
Mcu.IP6=RCC
Mcu.IP7=RTC
ProjectManager.CoupleFile=true
RCC.48MHZClocksFreq_Value=48000000
NVIC.EXTI0_IRQn=true\:5\:0\:false\:false\:true\:true\:true\:true
PB3.Signal=SPI1_SCK
RCC.SYSCLKFreq_VALUE=168000000
Dma.SPI1_RX.4.Direction=DMA_PERIPH_TO_MEMORY
PA12.Mode=Device_Only
SH.GPXTI4.0=GPIO_EXTI4
KeepUserPlacement=false
PC5.GPIO_Label=INT1_GYRO
USART3.VirtualMode=VM_ASYNC
NVIC.EXTI9_5_IRQn=true\:5\:0\:false\:false\:true\:true\:true\:true
Dma.USART1_TX.0.MemDataAlignment=DMA_MDATAALIGN_BYTE
PA14.Signal=SYS_JTCK-SWCLK
SH.GPXTI4.ConfNb=1
Dma.USART6_TX.3.FIFOMode=DMA_FIFOMODE_DISABLE
Dma.USART6_TX.3.Instance=DMA2_Stream6
RCC.HSI_VALUE=16000000
RCC.PLLQ=7
RCC.PLLM=6
RCC.PLLN=168
PB8.Signal=GPIO_Output
PC8.Locked=true
PC9.Signal=I2C3_SDA
RCC.APB1Freq_Value=42000000
ProjectManager.DeviceId=STM32F407IGHx
ProjectManager.LibraryCopy=1
PB0.GPIO_PuPd=GPIO_PULLUP
SH.S_TIM5_CH1.ConfNb=1
Dma.USART3_RX.1.PeriphInc=DMA_PINC_DISABLE
PA7.Signal=SPI1_MOSI
isbadioc=false
